
Microsoft Visual Studio Solution File, Format Version 12.00
# Visual Studio 15
VisualStudioVersion = 15.0.27004.2009
MinimumVisualStudioVersion = 10.0.40219.1
Project("{2150E333-8FDC-42A3-9474-1A3956D46DE8}") = "simplequeue", "simplequeue", "{3B4FB61D-22CE-4A60-80A3-78F1E6237F82}"
EndProject
Project("{FAE04EC0-301F-11D3-BF4B-00C04F79EFBC}") = "heroyan.rabbitmq.simplequeue.producer", "heroyan.rabbitmq.simplequeue.producer\heroyan.rabbitmq.simplequeue.producer.csproj", "{E04E025B-07EF-4BD1-BD9A-E22E742904A8}"
EndProject
Project("{FAE04EC0-301F-11D3-BF4B-00C04F79EFBC}") = "heroyan.rabbitmq.simplequeue.consumer", "heroyan.rabbitmq.simplequeue.consumer\heroyan.rabbitmq.simplequeue.consumer.csproj", "{2CF26869-8F4A-4B63-A6AD-A80B351AC283}"
EndProject
Project("{2150E333-8FDC-42A3-9474-1A3956D46DE8}") = "workqueue", "workqueue", "{537C59FA-5230-448F-B111-D4AE0D40D741}"
EndProject
Project("{FAE04EC0-301F-11D3-BF4B-00C04F79EFBC}") = "heroyan.rabbitmq.workqueue.producer", "heroyan.rabbitmq.workqueue.producer\heroyan.rabbitmq.workqueue.producer.csproj", "{644B5144-F5B8-4EC1-9F80-B1359C560C3F}"
EndProject
Project("{FAE04EC0-301F-11D3-BF4B-00C04F79EFBC}") = "heroyan.rabbitmq.workqueue.consumer", "heroyan.rabbitmq.workqueue.consumer\heroyan.rabbitmq.workqueue.consumer.csproj", "{FB6494B1-72D2-4C61-B336-9B2C5916F675}"
EndProject
Project("{2150E333-8FDC-42A3-9474-1A3956D46DE8}") = "pubsub", "pubsub", "{85534FFD-9C9F-4D37-8025-924E7CF3881B}"
EndProject
Project("{FAE04EC0-301F-11D3-BF4B-00C04F79EFBC}") = "heroyan.rabbitmq.pubsub.producer", "heroyan.rabbitmq.pubsub.producer\heroyan.rabbitmq.pubsub.producer.csproj", "{1ADD518B-8940-43B1-8CAF-429E2633638D}"
EndProject
Project("{FAE04EC0-301F-11D3-BF4B-00C04F79EFBC}") = "heroyan.rabbitmq.pubsub.consumer", "heroyan.rabbitmq.pubsub.consumer\heroyan.rabbitmq.pubsub.consumer.csproj", "{5690CDE4-5289-4335-AD9B-8B5C016073A6}"
EndProject
Project("{2150E333-8FDC-42A3-9474-1A3956D46DE8}") = "route", "route", "{5510BB6A-E149-4B8A-9938-A35CE12CEEA1}"
EndProject
Project("{FAE04EC0-301F-11D3-BF4B-00C04F79EFBC}") = "heroyan.rabbitmq.route.producer", "heroyan.rabbitmq.route.producer\heroyan.rabbitmq.route.producer.csproj", "{FCBF6A9B-AF48-4F89-BC26-7CEB547AB51F}"
EndProject
Project("{FAE04EC0-301F-11D3-BF4B-00C04F79EFBC}") = "heroyan.rabbitmq.route.consumer", "heroyan.rabbitmq.route.consumer\heroyan.rabbitmq.route.consumer.csproj", "{C86252B5-B686-43FD-8790-9DDE2BE47408}"
EndProject
Project("{2150E333-8FDC-42A3-9474-1A3956D46DE8}") = "topic", "topic", "{B859D254-EDEF-4A88-82BA-742C0AA044D4}"
EndProject
Project("{FAE04EC0-301F-11D3-BF4B-00C04F79EFBC}") = "heroyan.rabbitmq.topic.producer", "heroyan.rabbitmq.topic.producer\heroyan.rabbitmq.topic.producer.csproj", "{DAD99985-AC91-427E-A510-E1C00265A3F9}"
EndProject
Project("{FAE04EC0-301F-11D3-BF4B-00C04F79EFBC}") = "heroyan.rabbitmq.topic.consumer", "heroyan.rabbitmq.topic.consumer\heroyan.rabbitmq.topic.consumer.csproj", "{5AC48E89-6EEE-477D-9E71-4BBA081020B2}"
EndProject
Global
	GlobalSection(SolutionConfigurationPlatforms) = preSolution
		Debug|Any CPU = Debug|Any CPU
		Release|Any CPU = Release|Any CPU
	EndGlobalSection
	GlobalSection(ProjectConfigurationPlatforms) = postSolution
		{E04E025B-07EF-4BD1-BD9A-E22E742904A8}.Debug|Any CPU.ActiveCfg = Debug|Any CPU
		{E04E025B-07EF-4BD1-BD9A-E22E742904A8}.Debug|Any CPU.Build.0 = Debug|Any CPU
		{E04E025B-07EF-4BD1-BD9A-E22E742904A8}.Release|Any CPU.ActiveCfg = Release|Any CPU
		{E04E025B-07EF-4BD1-BD9A-E22E742904A8}.Release|Any CPU.Build.0 = Release|Any CPU
		{2CF26869-8F4A-4B63-A6AD-A80B351AC283}.Debug|Any CPU.ActiveCfg = Debug|Any CPU
		{2CF26869-8F4A-4B63-A6AD-A80B351AC283}.Debug|Any CPU.Build.0 = Debug|Any CPU
		{2CF26869-8F4A-4B63-A6AD-A80B351AC283}.Release|Any CPU.ActiveCfg = Release|Any CPU
		{2CF26869-8F4A-4B63-A6AD-A80B351AC283}.Release|Any CPU.Build.0 = Release|Any CPU
		{644B5144-F5B8-4EC1-9F80-B1359C560C3F}.Debug|Any CPU.ActiveCfg = Debug|Any CPU
		{644B5144-F5B8-4EC1-9F80-B1359C560C3F}.Debug|Any CPU.Build.0 = Debug|Any CPU
		{644B5144-F5B8-4EC1-9F80-B1359C560C3F}.Release|Any CPU.ActiveCfg = Release|Any CPU
		{644B5144-F5B8-4EC1-9F80-B1359C560C3F}.Release|Any CPU.Build.0 = Release|Any CPU
		{FB6494B1-72D2-4C61-B336-9B2C5916F675}.Debug|Any CPU.ActiveCfg = Debug|Any CPU
		{FB6494B1-72D2-4C61-B336-9B2C5916F675}.Debug|Any CPU.Build.0 = Debug|Any CPU
		{FB6494B1-72D2-4C61-B336-9B2C5916F675}.Release|Any CPU.ActiveCfg = Release|Any CPU
		{FB6494B1-72D2-4C61-B336-9B2C5916F675}.Release|Any CPU.Build.0 = Release|Any CPU
		{1ADD518B-8940-43B1-8CAF-429E2633638D}.Debug|Any CPU.ActiveCfg = Debug|Any CPU
		{1ADD518B-8940-43B1-8CAF-429E2633638D}.Debug|Any CPU.Build.0 = Debug|Any CPU
		{1ADD518B-8940-43B1-8CAF-429E2633638D}.Release|Any CPU.ActiveCfg = Release|Any CPU
		{1ADD518B-8940-43B1-8CAF-429E2633638D}.Release|Any CPU.Build.0 = Release|Any CPU
		{5690CDE4-5289-4335-AD9B-8B5C016073A6}.Debug|Any CPU.ActiveCfg = Debug|Any CPU
		{5690CDE4-5289-4335-AD9B-8B5C016073A6}.Debug|Any CPU.Build.0 = Debug|Any CPU
		{5690CDE4-5289-4335-AD9B-8B5C016073A6}.Release|Any CPU.ActiveCfg = Release|Any CPU
		{5690CDE4-5289-4335-AD9B-8B5C016073A6}.Release|Any CPU.Build.0 = Release|Any CPU
		{FCBF6A9B-AF48-4F89-BC26-7CEB547AB51F}.Debug|Any CPU.ActiveCfg = Debug|Any CPU
		{FCBF6A9B-AF48-4F89-BC26-7CEB547AB51F}.Debug|Any CPU.Build.0 = Debug|Any CPU
		{FCBF6A9B-AF48-4F89-BC26-7CEB547AB51F}.Release|Any CPU.ActiveCfg = Release|Any CPU
		{FCBF6A9B-AF48-4F89-BC26-7CEB547AB51F}.Release|Any CPU.Build.0 = Release|Any CPU
		{C86252B5-B686-43FD-8790-9DDE2BE47408}.Debug|Any CPU.ActiveCfg = Debug|Any CPU
		{C86252B5-B686-43FD-8790-9DDE2BE47408}.Debug|Any CPU.Build.0 = Debug|Any CPU
		{C86252B5-B686-43FD-8790-9DDE2BE47408}.Release|Any CPU.ActiveCfg = Release|Any CPU
		{C86252B5-B686-43FD-8790-9DDE2BE47408}.Release|Any CPU.Build.0 = Release|Any CPU
		{DAD99985-AC91-427E-A510-E1C00265A3F9}.Debug|Any CPU.ActiveCfg = Debug|Any CPU
		{DAD99985-AC91-427E-A510-E1C00265A3F9}.Debug|Any CPU.Build.0 = Debug|Any CPU
		{DAD99985-AC91-427E-A510-E1C00265A3F9}.Release|Any CPU.ActiveCfg = Release|Any CPU
		{DAD99985-AC91-427E-A510-E1C00265A3F9}.Release|Any CPU.Build.0 = Release|Any CPU
		{5AC48E89-6EEE-477D-9E71-4BBA081020B2}.Debug|Any CPU.ActiveCfg = Debug|Any CPU
		{5AC48E89-6EEE-477D-9E71-4BBA081020B2}.Debug|Any CPU.Build.0 = Debug|Any CPU
		{5AC48E89-6EEE-477D-9E71-4BBA081020B2}.Release|Any CPU.ActiveCfg = Release|Any CPU
		{5AC48E89-6EEE-477D-9E71-4BBA081020B2}.Release|Any CPU.Build.0 = Release|Any CPU
	EndGlobalSection
	GlobalSection(SolutionProperties) = preSolution
		HideSolutionNode = FALSE
	EndGlobalSection
	GlobalSection(NestedProjects) = preSolution
		{E04E025B-07EF-4BD1-BD9A-E22E742904A8} = {3B4FB61D-22CE-4A60-80A3-78F1E6237F82}
		{2CF26869-8F4A-4B63-A6AD-A80B351AC283} = {3B4FB61D-22CE-4A60-80A3-78F1E6237F82}
		{644B5144-F5B8-4EC1-9F80-B1359C560C3F} = {537C59FA-5230-448F-B111-D4AE0D40D741}
		{FB6494B1-72D2-4C61-B336-9B2C5916F675} = {537C59FA-5230-448F-B111-D4AE0D40D741}
		{1ADD518B-8940-43B1-8CAF-429E2633638D} = {85534FFD-9C9F-4D37-8025-924E7CF3881B}
		{5690CDE4-5289-4335-AD9B-8B5C016073A6} = {85534FFD-9C9F-4D37-8025-924E7CF3881B}
		{FCBF6A9B-AF48-4F89-BC26-7CEB547AB51F} = {5510BB6A-E149-4B8A-9938-A35CE12CEEA1}
		{C86252B5-B686-43FD-8790-9DDE2BE47408} = {5510BB6A-E149-4B8A-9938-A35CE12CEEA1}
		{DAD99985-AC91-427E-A510-E1C00265A3F9} = {B859D254-EDEF-4A88-82BA-742C0AA044D4}
		{5AC48E89-6EEE-477D-9E71-4BBA081020B2} = {B859D254-EDEF-4A88-82BA-742C0AA044D4}
	EndGlobalSection
	GlobalSection(ExtensibilityGlobals) = postSolution
		SolutionGuid = {360F9AB5-9FFA-4EB5-AD08-9B2C73CBEC6E}
	EndGlobalSection
EndGlobal
